
Microsoft Visual Studio Solution File, Format Version 12.00
# Visual Studio Version 17
VisualStudioVersion = 17.2.32616.157
MinimumVisualStudioVersion = 10.0.40219.1
Project("{FAE04EC0-301F-11D3-BF4B-00C04F79EFBC}") = "Buscador", "Buscador.csproj", "{3DE222F7-6878-44DD-827B-219424EEFA38}"
EndProject
Global
	GlobalSection(SolutionConfigurationPlatforms) = preSolution
		Debug|Any CPU = Debug|Any CPU
		Release|Any CPU = Release|Any CPU
	EndGlobalSection
	GlobalSection(ProjectConfigurationPlatforms) = postSolution
		{3DE222F7-6878-44DD-827B-219424EEFA38}.Debug|Any CPU.ActiveCfg = Debug|Any CPU
		{3DE222F7-6878-44DD-827B-219424EEFA38}.Debug|Any CPU.Build.0 = Debug|Any CPU
		{3DE222F7-6878-44DD-827B-219424EEFA38}.Release|Any CPU.ActiveCfg = Release|Any CPU
		{3DE222F7-6878-44DD-827B-219424EEFA38}.Release|Any CPU.Build.0 = Release|Any CPU
	EndGlobalSection
	GlobalSection(SolutionProperties) = preSolution
		HideSolutionNode = FALSE
	EndGlobalSection
	GlobalSection(ExtensibilityGlobals) = postSolution
		SolutionGuid = {B104BD9C-565C-4B98-8C7F-DB593C633E8B}
	EndGlobalSection
EndGlobal
